
Microsoft Visual Studio Solution File, Format Version 12.00
# Visual Studio 2015
Project("{FAE04EC0-301F-11D3-BF4B-00C04F79EFBC}") = "Roll rpg.Plugins", "Roll rpg.Plugins.csproj", "{9EA969D4-79D6-D6CC-B1FC-0AD4075209F3}"
EndProject
Project("{FAE04EC0-301F-11D3-BF4B-00C04F79EFBC}") = "Roll rpg.Editor.Plugins", "Roll rpg.Editor.Plugins.csproj", "{C8217442-AA04-9335-06BA-DF85A0A6F392}"
EndProject
Global
	GlobalSection(SolutionConfigurationPlatforms) = preSolution
		Debug|Any CPU = Debug|Any CPU
		Release|Any CPU = Release|Any CPU
	EndGlobalSection
	GlobalSection(ProjectConfigurationPlatforms) = postSolution
		{9EA969D4-79D6-D6CC-B1FC-0AD4075209F3}.Debug|Any CPU.ActiveCfg = Debug|Any CPU
		{9EA969D4-79D6-D6CC-B1FC-0AD4075209F3}.Debug|Any CPU.Build.0 = Debug|Any CPU
		{9EA969D4-79D6-D6CC-B1FC-0AD4075209F3}.Release|Any CPU.ActiveCfg = Release|Any CPU
		{9EA969D4-79D6-D6CC-B1FC-0AD4075209F3}.Release|Any CPU.Build.0 = Release|Any CPU
		{C8217442-AA04-9335-06BA-DF85A0A6F392}.Debug|Any CPU.ActiveCfg = Debug|Any CPU
		{C8217442-AA04-9335-06BA-DF85A0A6F392}.Debug|Any CPU.Build.0 = Debug|Any CPU
		{C8217442-AA04-9335-06BA-DF85A0A6F392}.Release|Any CPU.ActiveCfg = Release|Any CPU
		{C8217442-AA04-9335-06BA-DF85A0A6F392}.Release|Any CPU.Build.0 = Release|Any CPU
	EndGlobalSection
	GlobalSection(SolutionProperties) = preSolution
		HideSolutionNode = FALSE
	EndGlobalSection
EndGlobal
